
Microsoft Visual Studio Solution File, Format Version 12.00
# Visual Studio Version 17
VisualStudioVersion = 17.14.36310.24 d17.14
MinimumVisualStudioVersion = 10.0.40219.1
Project("{FAE04EC0-301F-11D3-BF4B-00C04F79EFBC}") = "LoginBackend", "LoginBackend.csproj", "{495BA67F-8941-4F93-9320-C41C3FC5C6D2}"
EndProject
Global
	GlobalSection(SolutionConfigurationPlatforms) = preSolution
		Debug|Any CPU = Debug|Any CPU
		Release|Any CPU = Release|Any CPU
	EndGlobalSection
	GlobalSection(ProjectConfigurationPlatforms) = postSolution
		{495BA67F-8941-4F93-9320-C41C3FC5C6D2}.Debug|Any CPU.ActiveCfg = Debug|Any CPU
		{495BA67F-8941-4F93-9320-C41C3FC5C6D2}.Debug|Any CPU.Build.0 = Debug|Any CPU
		{495BA67F-8941-4F93-9320-C41C3FC5C6D2}.Release|Any CPU.ActiveCfg = Release|Any CPU
		{495BA67F-8941-4F93-9320-C41C3FC5C6D2}.Release|Any CPU.Build.0 = Release|Any CPU
	EndGlobalSection
	GlobalSection(SolutionProperties) = preSolution
		HideSolutionNode = FALSE
	EndGlobalSection
	GlobalSection(ExtensibilityGlobals) = postSolution
		SolutionGuid = {8B6286ED-4D08-4FC0-B0DA-3AD7D2A15CFB}
	EndGlobalSection
EndGlobal
